
Microsoft Visual Studio Solution File, Format Version 12.00
# Visual Studio 15
VisualStudioVersion = 15.0.27703.2042
MinimumVisualStudioVersion = 10.0.40219.1
Project("{FAE04EC0-301F-11D3-BF4B-00C04F79EFBC}") = "BookmarkPlayer.Domain", "BookmarkPlayer.Domain\BookmarkPlayer.Domain.csproj", "{61898B8A-8DFF-431B-B842-B4988979C446}"
EndProject
Project("{FAE04EC0-301F-11D3-BF4B-00C04F79EFBC}") = "BookmarkPlayer.Domain.Tests", "BookmarkPlayer.Domain.Tests\BookmarkPlayer.Domain.Tests.csproj", "{D1BF294B-DAF2-4B6E-AFFF-B114CF43D926}"
EndProject
Project("{FAE04EC0-301F-11D3-BF4B-00C04F79EFBC}") = "Lib.Composables", "Lib.Composables\Lib.Composables.csproj", "{4AE7428E-420F-45F5-B54F-D47175048DFF}"
EndProject
Project("{FAE04EC0-301F-11D3-BF4B-00C04F79EFBC}") = "Lib.Composables.Tests", "Lib.Composables.Tests\Lib.Composables.Tests.csproj", "{B6AEF802-627D-4C6C-AA9E-25CCEB676C7C}"
EndProject
Global
	GlobalSection(SolutionConfigurationPlatforms) = preSolution
		Debug|Any CPU = Debug|Any CPU
		Release|Any CPU = Release|Any CPU
	EndGlobalSection
	GlobalSection(ProjectConfigurationPlatforms) = postSolution
		{61898B8A-8DFF-431B-B842-B4988979C446}.Debug|Any CPU.ActiveCfg = Debug|Any CPU
		{61898B8A-8DFF-431B-B842-B4988979C446}.Debug|Any CPU.Build.0 = Debug|Any CPU
		{61898B8A-8DFF-431B-B842-B4988979C446}.Release|Any CPU.ActiveCfg = Release|Any CPU
		{61898B8A-8DFF-431B-B842-B4988979C446}.Release|Any CPU.Build.0 = Release|Any CPU
		{D1BF294B-DAF2-4B6E-AFFF-B114CF43D926}.Debug|Any CPU.ActiveCfg = Debug|Any CPU
		{D1BF294B-DAF2-4B6E-AFFF-B114CF43D926}.Debug|Any CPU.Build.0 = Debug|Any CPU
		{D1BF294B-DAF2-4B6E-AFFF-B114CF43D926}.Release|Any CPU.ActiveCfg = Release|Any CPU
		{D1BF294B-DAF2-4B6E-AFFF-B114CF43D926}.Release|Any CPU.Build.0 = Release|Any CPU
		{4AE7428E-420F-45F5-B54F-D47175048DFF}.Debug|Any CPU.ActiveCfg = Debug|Any CPU
		{4AE7428E-420F-45F5-B54F-D47175048DFF}.Debug|Any CPU.Build.0 = Debug|Any CPU
		{4AE7428E-420F-45F5-B54F-D47175048DFF}.Release|Any CPU.ActiveCfg = Release|Any CPU
		{4AE7428E-420F-45F5-B54F-D47175048DFF}.Release|Any CPU.Build.0 = Release|Any CPU
		{B6AEF802-627D-4C6C-AA9E-25CCEB676C7C}.Debug|Any CPU.ActiveCfg = Debug|Any CPU
		{B6AEF802-627D-4C6C-AA9E-25CCEB676C7C}.Debug|Any CPU.Build.0 = Debug|Any CPU
		{B6AEF802-627D-4C6C-AA9E-25CCEB676C7C}.Release|Any CPU.ActiveCfg = Release|Any CPU
		{B6AEF802-627D-4C6C-AA9E-25CCEB676C7C}.Release|Any CPU.Build.0 = Release|Any CPU
	EndGlobalSection
	GlobalSection(SolutionProperties) = preSolution
		HideSolutionNode = FALSE
	EndGlobalSection
	GlobalSection(ExtensibilityGlobals) = postSolution
		SolutionGuid = {B458390C-6963-45E7-93F5-9FA0312E8D85}
	EndGlobalSection
EndGlobal
